
Microsoft Visual Studio Solution File, Format Version 12.00
# Visual Studio Version 16
VisualStudioVersion = 16.0.30523.141
MinimumVisualStudioVersion = 10.0.40219.1
Project("{9A19103F-16F7-4668-BE54-9A1E7A4F7556}") = "CastleWindsor_Interceptor", "CastleWindsor_Interceptor\CastleWindsor_Interceptor.csproj", "{CFD7ED6D-9CA1-4BA7-8C27-4715E943502D}"
EndProject
Project("{FAE04EC0-301F-11D3-BF4B-00C04F79EFBC}") = "PostSharp_ILWeaving", "PostSharp_ILWeaving\PostSharp_ILWeaving.csproj", "{3E0D2053-5653-40BD-9F0B-6F3FD75B93A5}"
EndProject
Global
	GlobalSection(SolutionConfigurationPlatforms) = preSolution
		Debug|Any CPU = Debug|Any CPU
		Release|Any CPU = Release|Any CPU
	EndGlobalSection
	GlobalSection(ProjectConfigurationPlatforms) = postSolution
		{CFD7ED6D-9CA1-4BA7-8C27-4715E943502D}.Debug|Any CPU.ActiveCfg = Debug|Any CPU
		{CFD7ED6D-9CA1-4BA7-8C27-4715E943502D}.Debug|Any CPU.Build.0 = Debug|Any CPU
		{CFD7ED6D-9CA1-4BA7-8C27-4715E943502D}.Release|Any CPU.ActiveCfg = Release|Any CPU
		{CFD7ED6D-9CA1-4BA7-8C27-4715E943502D}.Release|Any CPU.Build.0 = Release|Any CPU
		{3E0D2053-5653-40BD-9F0B-6F3FD75B93A5}.Debug|Any CPU.ActiveCfg = Debug|Any CPU
		{3E0D2053-5653-40BD-9F0B-6F3FD75B93A5}.Debug|Any CPU.Build.0 = Debug|Any CPU
		{3E0D2053-5653-40BD-9F0B-6F3FD75B93A5}.Release|Any CPU.ActiveCfg = Release|Any CPU
		{3E0D2053-5653-40BD-9F0B-6F3FD75B93A5}.Release|Any CPU.Build.0 = Release|Any CPU
	EndGlobalSection
	GlobalSection(SolutionProperties) = preSolution
		HideSolutionNode = FALSE
	EndGlobalSection
	GlobalSection(ExtensibilityGlobals) = postSolution
		SolutionGuid = {C25B13BD-8CD0-4F45-A9F8-92DBA2400BCE}
	EndGlobalSection
EndGlobal
